// !$*UTF8*$!
{
	archiveVersion = 1;
	classes = {
	};
	objectVersion = 46;
	objects = {

/* Begin PBXBuildFile section */
		C152F9F918D0021100EBFBB9 /* CoreViewController.m in Sources */ = {isa = PBXBuildFile; fileRef = C152F9F818D0021100EBFBB9 /* CoreViewController.m */; };
		C152FA4418D15B4700EBFBB9 /* DisplayEditViewController.m in Sources */ = {isa = PBXBuildFile; fileRef = C152FA4318D15B4700EBFBB9 /* DisplayEditViewController.m */; };
		C1DAB27F18CF14E200E53D49 /* Foundation.framework in Frameworks */ = {isa = PBXBuildFile; fileRef = C1DAB27E18CF14E200E53D49 /* Foundation.framework */; };
		C1DAB28118CF14E200E53D49 /* CoreGraphics.framework in Frameworks */ = {isa = PBXBuildFile; fileRef = C1DAB28018CF14E200E53D49 /* CoreGraphics.framework */; };
		C1DAB28318CF14E200E53D49 /* UIKit.framework in Frameworks */ = {isa = PBXBuildFile; fileRef = C1DAB28218CF14E200E53D49 /* UIKit.framework */; };
		C1DAB28518CF14E200E53D49 /* CoreData.framework in Frameworks */ = {isa = PBXBuildFile; fileRef = C1DAB28418CF14E200E53D49 /* CoreData.framework */; };
		C1DAB28B18CF14E200E53D49 /* InfoPlist.strings in Resources */ = {isa = PBXBuildFile; fileRef = C1DAB28918CF14E200E53D49 /* InfoPlist.strings */; };
		C1DAB28D18CF14E200E53D49 /* main.m in Sources */ = {isa = PBXBuildFile; fileRef = C1DAB28C18CF14E200E53D49 /* main.m */; };
		C1DAB29118CF14E200E53D49 /* AppDelegate.m in Sources */ = {isa = PBXBuildFile; fileRef = C1DAB29018CF14E200E53D49 /* AppDelegate.m */; };
		C1DAB29418CF14E200E53D49 /* Main.storyboard in Resources */ = {isa = PBXBuildFile; fileRef = C1DAB29218CF14E200E53D49 /* Main.storyboard */; };
		C1DAB29718CF14E200E53D49 /* SwiftNote5.xcdatamodeld in Sources */ = {isa = PBXBuildFile; fileRef = C1DAB29518CF14E200E53D49 /* SwiftNote5.xcdatamodeld */; };
		C1DAB29A18CF14E200E53D49 /* NoteListTableViewController.m in Sources */ = {isa = PBXBuildFile; fileRef = C1DAB29918CF14E200E53D49 /* NoteListTableViewController.m */; };
		C1DAB29D18CF14E200E53D49 /* AddNoteViewController.m in Sources */ = {isa = PBXBuildFile; fileRef = C1DAB29C18CF14E200E53D49 /* AddNoteViewController.m */; };
		C1DAB29F18CF14E200E53D49 /* Images.xcassets in Resources */ = {isa = PBXBuildFile; fileRef = C1DAB29E18CF14E200E53D49 /* Images.xcassets */; };
		C1DAB2A618CF14E200E53D49 /* XCTest.framework in Frameworks */ = {isa = PBXBuildFile; fileRef = C1DAB2A518CF14E200E53D49 /* XCTest.framework */; };
		C1DAB2A718CF14E200E53D49 /* Foundation.framework in Frameworks */ = {isa = PBXBuildFile; fileRef = C1DAB27E18CF14E200E53D49 /* Foundation.framework */; };
		C1DAB2A818CF14E200E53D49 /* UIKit.framework in Frameworks */ = {isa = PBXBuildFile; fileRef = C1DAB28218CF14E200E53D49 /* UIKit.framework */; };
		C1DAB2A918CF14E200E53D49 /* CoreData.framework in Frameworks */ = {isa = PBXBuildFile; fileRef = C1DAB28418CF14E200E53D49 /* CoreData.framework */; };
		C1DAB2B118CF14E200E53D49 /* InfoPlist.strings in Resources */ = {isa = PBXBuildFile; fileRef = C1DAB2AF18CF14E200E53D49 /* InfoPlist.strings */; };
		C1DAB2B318CF14E200E53D49 /* SwiftNote5Tests.m in Sources */ = {isa = PBXBuildFile; fileRef = C1DAB2B218CF14E200E53D49 /* SwiftNote5Tests.m */; };
		C1DAB2C318CF1FF300E53D49 /* Note.m in Sources */ = {isa = PBXBuildFile; fileRef = C1DAB2C218CF1FF300E53D49 /* Note.m */; };
/* End PBXBuildFile section */

/* Begin PBXContainerItemProxy section */
		C1DAB2AA18CF14E200E53D49 /* PBXContainerItemProxy */ = {
			isa = PBXContainerItemProxy;
			containerPortal = C1DAB27318CF14E200E53D49 /* Project object */;
			proxyType = 1;
			remoteGlobalIDString = C1DAB27A18CF14E200E53D49;
			remoteInfo = SwiftNote5;
		};
/* End PBXContainerItemProxy section */

/* Begin PBXFileReference section */
		C152F9F718D0021100EBFBB9 /* CoreViewController.h */ = {isa = PBXFileReference; fileEncoding = 4; lastKnownFileType = sourcecode.c.h; path = CoreViewController.h; sourceTree = "<group>"; };
		C152F9F818D0021100EBFBB9 /* CoreViewController.m */ = {isa = PBXFileReference; fileEncoding = 4; lastKnownFileType = sourcecode.c.objc; path = CoreViewController.m; sourceTree = "<group>"; };
		C152FA4218D15B4700EBFBB9 /* DisplayEditViewController.h */ = {isa = PBXFileReference; fileEncoding = 4; lastKnownFileType = sourcecode.c.h; path = DisplayEditViewController.h; sourceTree = "<group>"; };
		C152FA4318D15B4700EBFBB9 /* DisplayEditViewController.m */ = {isa = PBXFileReference; fileEncoding = 4; lastKnownFileType = sourcecode.c.objc; path = DisplayEditViewController.m; sourceTree = "<group>"; };
		C1DAB27B18CF14E200E53D49 /* SwiftNote5.app */ = {isa = PBXFileReference; explicitFileType = wrapper.application; includeInIndex = 0; path = SwiftNote5.app; sourceTree = BUILT_PRODUCTS_DIR; };
		C1DAB27E18CF14E200E53D49 /* Foundation.framework */ = {isa = PBXFileReference; lastKnownFileType = wrapper.framework; name = Foundation.framework; path = System/Library/Frameworks/Foundation.framework; sourceTree = SDKROOT; };
		C1DAB28018CF14E200E53D49 /* CoreGraphics.framework */ = {isa = PBXFileReference; lastKnownFileType = wrapper.framework; name = CoreGraphics.framework; path = System/Library/Frameworks/CoreGraphics.framework; sourceTree = SDKROOT; };
		C1DAB28218CF14E200E53D49 /* UIKit.framework */ = {isa = PBXFileReference; lastKnownFileType = wrapper.framework; name = UIKit.framework; path = System/Library/Frameworks/UIKit.framework; sourceTree = SDKROOT; };
		C1DAB28418CF14E200E53D49 /* CoreData.framework */ = {isa = PBXFileReference; lastKnownFileType = wrapper.framework; name = CoreData.framework; path = System/Library/Frameworks/CoreData.framework; sourceTree = SDKROOT; };
		C1DAB28818CF14E200E53D49 /* SwiftNote5-Info.plist */ = {isa = PBXFileReference; lastKnownFileType = text.plist.xml; path = "SwiftNote5-Info.plist"; sourceTree = "<group>"; };
		C1DAB28A18CF14E200E53D49 /* en */ = {isa = PBXFileReference; lastKnownFileType = text.plist.strings; name = en; path = en.lproj/InfoPlist.strings; sourceTree = "<group>"; };
		C1DAB28C18CF14E200E53D49 /* main.m */ = {isa = PBXFileReference; lastKnownFileType = sourcecode.c.objc; path = main.m; sourceTree = "<group>"; };
		C1DAB28E18CF14E200E53D49 /* SwiftNote5-Prefix.pch */ = {isa = PBXFileReference; lastKnownFileType = sourcecode.c.h; path = "SwiftNote5-Prefix.pch"; sourceTree = "<group>"; };
		C1DAB28F18CF14E200E53D49 /* AppDelegate.h */ = {isa = PBXFileReference; lastKnownFileType = sourcecode.c.h; path = AppDelegate.h; sourceTree = "<group>"; };
		C1DAB29018CF14E200E53D49 /* AppDelegate.m */ = {isa = PBXFileReference; lastKnownFileType = sourcecode.c.objc; path = AppDelegate.m; sourceTree = "<group>"; };
		C1DAB29318CF14E200E53D49 /* Base */ = {isa = PBXFileReference; lastKnownFileType = file.storyboard; name = Base; path = Base.lproj/Main.storyboard; sourceTree = "<group>"; };
		C1DAB29618CF14E200E53D49 /* SwiftNote5.xcdatamodel */ = {isa = PBXFileReference; lastKnownFileType = wrapper.xcdatamodel; path = SwiftNote5.xcdatamodel; sourceTree = "<group>"; };
		C1DAB29818CF14E200E53D49 /* NoteListTableViewController.h */ = {isa = PBXFileReference; lastKnownFileType = sourcecode.c.h; path = NoteListTableViewController.h; sourceTree = "<group>"; };
		C1DAB29918CF14E200E53D49 /* NoteListTableViewController.m */ = {isa = PBXFileReference; lastKnownFileType = sourcecode.c.objc; path = NoteListTableViewController.m; sourceTree = "<group>"; };
		C1DAB29B18CF14E200E53D49 /* AddNoteViewController.h */ = {isa = PBXFileReference; lastKnownFileType = sourcecode.c.h; path = AddNoteViewController.h; sourceTree = "<group>"; };
		C1DAB29C18CF14E200E53D49 /* AddNoteViewController.m */ = {isa = PBXFileReference; lastKnownFileType = sourcecode.c.objc; path = AddNoteViewController.m; sourceTree = "<group>"; };
		C1DAB29E18CF14E200E53D49 /* Images.xcassets */ = {isa = PBXFileReference; lastKnownFileType = folder.assetcatalog; path = Images.xcassets; sourceTree = "<group>"; };
		C1DAB2A418CF14E200E53D49 /* SwiftNote5Tests.xctest */ = {isa = PBXFileReference; explicitFileType = wrapper.cfbundle; includeInIndex = 0; path = SwiftNote5Tests.xctest; sourceTree = BUILT_PRODUCTS_DIR; };
		C1DAB2A518CF14E200E53D49 /* XCTest.framework */ = {isa = PBXFileReference; lastKnownFileType = wrapper.framework; name = XCTest.framework; path = Library/Frameworks/XCTest.framework; sourceTree = DEVELOPER_DIR; };
		C1DAB2AE18CF14E200E53D49 /* SwiftNote5Tests-Info.plist */ = {isa = PBXFileReference; lastKnownFileType = text.plist.xml; path = "SwiftNote5Tests-Info.plist"; sourceTree = "<group>"; };
		C1DAB2B018CF14E200E53D49 /* en */ = {isa = PBXFileReference; lastKnownFileType = text.plist.strings; name = en; path = en.lproj/InfoPlist.strings; sourceTree = "<group>"; };
		C1DAB2B218CF14E200E53D49 /* SwiftNote5Tests.m */ = {isa = PBXFileReference; lastKnownFileType = sourcecode.c.objc; path = SwiftNote5Tests.m; sourceTree = "<group>"; };
		C1DAB2C118CF1FF300E53D49 /* Note.h */ = {isa = PBXFileReference; fileEncoding = 4; lastKnownFileType = sourcecode.c.h; path = Note.h; sourceTree = "<group>"; };
		C1DAB2C218CF1FF300E53D49 /* Note.m */ = {isa = PBXFileReference; fileEncoding = 4; lastKnownFileType = sourcecode.c.objc; path = Note.m; sourceTree = "<group>"; };
/* End PBXFileReference section */

/* Begin PBXFrameworksBuildPhase section */
		C1DAB27818CF14E200E53D49 /* Frameworks */ = {
			isa = PBXFrameworksBuildPhase;
			buildActionMask = 2147483647;
			files = (
				C1DAB28118CF14E200E53D49 /* CoreGraphics.framework in Frameworks */,
				C1DAB28518CF14E200E53D49 /* CoreData.framework in Frameworks */,
				C1DAB28318CF14E200E53D49 /* UIKit.framework in Frameworks */,
				C1DAB27F18CF14E200E53D49 /* Foundation.framework in Frameworks */,
			);
			runOnlyForDeploymentPostprocessing = 0;
		};
		C1DAB2A118CF14E200E53D49 /* Frameworks */ = {
			isa = PBXFrameworksBuildPhase;
			buildActionMask = 2147483647;
			files = (
				C1DAB2A618CF14E200E53D49 /* XCTest.framework in Frameworks */,
				C1DAB2A918CF14E200E53D49 /* CoreData.framework in Frameworks */,
				C1DAB2A818CF14E200E53D49 /* UIKit.framework in Frameworks */,
				C1DAB2A718CF14E200E53D49 /* Foundation.framework in Frameworks */,
			);
			runOnlyForDeploymentPostprocessing = 0;
		};
/* End PBXFrameworksBuildPhase section */

/* Begin PBXGroup section */
		C152F9F618D001F400EBFBB9 /* CoreController */ = {
			isa = PBXGroup;
			children = (
				C152F9F718D0021100EBFBB9 /* CoreViewController.h */,
				C152F9F818D0021100EBFBB9 /* CoreViewController.m */,
			);
			name = CoreController;
			sourceTree = "<group>";
		};
		C1DAB27218CF14E200E53D49 = {
			isa = PBXGroup;
			children = (
				C1DAB28618CF14E200E53D49 /* SwiftNote5 */,
				C1DAB2AC18CF14E200E53D49 /* SwiftNote5Tests */,
				C1DAB27D18CF14E200E53D49 /* Frameworks */,
				C1DAB27C18CF14E200E53D49 /* Products */,
			);
			sourceTree = "<group>";
		};
		C1DAB27C18CF14E200E53D49 /* Products */ = {
			isa = PBXGroup;
			children = (
				C1DAB27B18CF14E200E53D49 /* SwiftNote5.app */,
				C1DAB2A418CF14E200E53D49 /* SwiftNote5Tests.xctest */,
			);
			name = Products;
			sourceTree = "<group>";
		};
		C1DAB27D18CF14E200E53D49 /* Frameworks */ = {
			isa = PBXGroup;
			children = (
				C1DAB27E18CF14E200E53D49 /* Foundation.framework */,
				C1DAB28018CF14E200E53D49 /* CoreGraphics.framework */,
				C1DAB28218CF14E200E53D49 /* UIKit.framework */,
				C1DAB28418CF14E200E53D49 /* CoreData.framework */,
				C1DAB2A518CF14E200E53D49 /* XCTest.framework */,
			);
			name = Frameworks;
			sourceTree = "<group>";
		};
		C1DAB28618CF14E200E53D49 /* SwiftNote5 */ = {
			isa = PBXGroup;
			children = (
				C152F9F618D001F400EBFBB9 /* CoreController */,
				C1DAB2BD18CF15EA00E53D49 /* Classes */,
				C1DAB2BC18CF15E000E53D49 /* Data */,
				C1DAB29218CF14E200E53D49 /* Main.storyboard */,
				C1DAB29E18CF14E200E53D49 /* Images.xcassets */,
				C1DAB28718CF14E200E53D49 /* Supporting Files */,
			);
			path = SwiftNote5;
			sourceTree = "<group>";
		};
		C1DAB28718CF14E200E53D49 /* Supporting Files */ = {
			isa = PBXGroup;
			children = (
				C1DAB28818CF14E200E53D49 /* SwiftNote5-Info.plist */,
				C1DAB28918CF14E200E53D49 /* InfoPlist.strings */,
				C1DAB28C18CF14E200E53D49 /* main.m */,
				C1DAB28E18CF14E200E53D49 /* SwiftNote5-Prefix.pch */,
			);
			name = "Supporting Files";
			sourceTree = "<group>";
		};
		C1DAB2AC18CF14E200E53D49 /* SwiftNote5Tests */ = {
			isa = PBXGroup;
			children = (
				C1DAB2B218CF14E200E53D49 /* SwiftNote5Tests.m */,
				C1DAB2AD18CF14E200E53D49 /* Supporting Files */,
			);
			path = SwiftNote5Tests;
			sourceTree = "<group>";
		};
		C1DAB2AD18CF14E200E53D49 /* Supporting Files */ = {
			isa = PBXGroup;
			children = (
				C1DAB2AE18CF14E200E53D49 /* SwiftNote5Tests-Info.plist */,
				C1DAB2AF18CF14E200E53D49 /* InfoPlist.strings */,
			);
			name = "Supporting Files";
			sourceTree = "<group>";
		};
		C1DAB2BC18CF15E000E53D49 /* Data */ = {
			isa = PBXGroup;
			children = (
				C1DAB2C118CF1FF300E53D49 /* Note.h */,
				C1DAB2C218CF1FF300E53D49 /* Note.m */,
				C1DAB29518CF14E200E53D49 /* SwiftNote5.xcdatamodeld */,
			);
			name = Data;
			sourceTree = "<group>";
		};
		C1DAB2BD18CF15EA00E53D49 /* Classes */ = {
			isa = PBXGroup;
			children = (
				C1DAB28F18CF14E200E53D49 /* AppDelegate.h */,
				C1DAB29018CF14E200E53D49 /* AppDelegate.m */,
				C1DAB29818CF14E200E53D49 /* NoteListTableViewController.h */,
				C1DAB29918CF14E200E53D49 /* NoteListTableViewController.m */,
				C1DAB29B18CF14E200E53D49 /* AddNoteViewController.h */,
				C1DAB29C18CF14E200E53D49 /* AddNoteViewController.m */,
				C152FA4218D15B4700EBFBB9 /* DisplayEditViewController.h */,
				C152FA4318D15B4700EBFBB9 /* DisplayEditViewController.m */,
			);
			name = Classes;
			sourceTree = "<group>";
		};
/* End PBXGroup section */

/* Begin PBXNativeTarget section */
		C1DAB27A18CF14E200E53D49 /* SwiftNote5 */ = {
			isa = PBXNativeTarget;
			buildConfigurationList = C1DAB2B618CF14E200E53D49 /* Build configuration list for PBXNativeTarget "SwiftNote5" */;
			buildPhases = (
				C1DAB27718CF14E200E53D49 /* Sources */,
				C1DAB27818CF14E200E53D49 /* Frameworks */,
				C1DAB27918CF14E200E53D49 /* Resources */,
			);
			buildRules = (
			);
			dependencies = (
			);
			name = SwiftNote5;
			productName = SwiftNote5;
			productReference = C1DAB27B18CF14E200E53D49 /* SwiftNote5.app */;
			productType = "com.apple.product-type.application";
		};
		C1DAB2A318CF14E200E53D49 /* SwiftNote5Tests */ = {
			isa = PBXNativeTarget;
			buildConfigurationList = C1DAB2B918CF14E200E53D49 /* Build configuration list for PBXNativeTarget "SwiftNote5Tests" */;
			buildPhases = (
				C1DAB2A018CF14E200E53D49 /* Sources */,
				C1DAB2A118CF14E200E53D49 /* Frameworks */,
				C1DAB2A218CF14E200E53D49 /* Resources */,
			);
			buildRules = (
			);
			dependencies = (
				C1DAB2AB18CF14E200E53D49 /* PBXTargetDependency */,
			);
			name = SwiftNote5Tests;
			productName = SwiftNote5Tests;
			productReference = C1DAB2A418CF14E200E53D49 /* SwiftNote5Tests.xctest */;
			productType = "com.apple.product-type.bundle.unit-test";
		};
/* End PBXNativeTarget section */

/* Begin PBXProject section */
		C1DAB27318CF14E200E53D49 /* Project object */ = {
			isa = PBXProject;
			attributes = {
				LastUpgradeCheck = 0510;
				ORGANIZATIONNAME = jun;
				TargetAttributes = {
					C1DAB2A318CF14E200E53D49 = {
						TestTargetID = C1DAB27A18CF14E200E53D49;
					};
				};
			};
			buildConfigurationList = C1DAB27618CF14E200E53D49 /* Build configuration list for PBXProject "SwiftNote5" */;
			compatibilityVersion = "Xcode 3.2";
			developmentRegion = English;
			hasScannedForEncodings = 0;
			knownRegions = (
				en,
				Base,
			);
			mainGroup = C1DAB27218CF14E200E53D49;
			productRefGroup = C1DAB27C18CF14E200E53D49 /* Products */;
			projectDirPath = "";
			projectRoot = "";
			targets = (
				C1DAB27A18CF14E200E53D49 /* SwiftNote5 */,
				C1DAB2A318CF14E200E53D49 /* SwiftNote5Tests */,
			);
		};
/* End PBXProject section */

/* Begin PBXResourcesBuildPhase section */
		C1DAB27918CF14E200E53D49 /* Resources */ = {
			isa = PBXResourcesBuildPhase;
			buildActionMask = 2147483647;
			files = (
				C1DAB29F18CF14E200E53D49 /* Images.xcassets in Resources */,
				C1DAB28B18CF14E200E53D49 /* InfoPlist.strings in Resources */,
				C1DAB29418CF14E200E53D49 /* Main.storyboard in Resources */,
			);
			runOnlyForDeploymentPostprocessing = 0;
		};
		C1DAB2A218CF14E200E53D49 /* Resources */ = {
			isa = PBXResourcesBuildPhase;
			buildActionMask = 2147483647;
			files = (
				C1DAB2B118CF14E200E53D49 /* InfoPlist.strings in Resources */,
			);
			runOnlyForDeploymentPostprocessing = 0;
		};
/* End PBXResourcesBuildPhase section */

/* Begin PBXSourcesBuildPhase section */
		C1DAB27718CF14E200E53D49 /* Sources */ = {
			isa = PBXSourcesBuildPhase;
			buildActionMask = 2147483647;
			files = (
				C152F9F918D0021100EBFBB9 /* CoreViewController.m in Sources */,
				C152FA4418D15B4700EBFBB9 /* DisplayEditViewController.m in Sources */,
				C1DAB29D18CF14E200E53D49 /* AddNoteViewController.m in Sources */,
				C1DAB29A18CF14E200E53D49 /* NoteListTableViewController.m in Sources */,
				C1DAB29118CF14E200E53D49 /* AppDelegate.m in Sources */,
				C1DAB2C318CF1FF300E53D49 /* Note.m in Sources */,
				C1DAB28D18CF14E200E53D49 /* main.m in Sources */,
				C1DAB29718CF14E200E53D49 /* SwiftNote5.xcdatamodeld in Sources */,
			);
			runOnlyForDeploymentPostprocessing = 0;
		};
		C1DAB2A018CF14E200E53D49 /* Sources */ = {
			isa = PBXSourcesBuildPhase;
			buildActionMask = 2147483647;
			files = (
				C1DAB2B318CF14E200E53D49 /* SwiftNote5Tests.m in Sources */,
			);
			runOnlyForDeploymentPostprocessing = 0;
		};
/* End PBXSourcesBuildPhase section */

/* Begin PBXTargetDependency section */
		C1DAB2AB18CF14E200E53D49 /* PBXTargetDependency */ = {
			isa = PBXTargetDependency;
			target = C1DAB27A18CF14E200E53D49 /* SwiftNote5 */;
			targetProxy = C1DAB2AA18CF14E200E53D49 /* PBXContainerItemProxy */;
		};
/* End PBXTargetDependency section */

/* Begin PBXVariantGroup section */
		C1DAB28918CF14E200E53D49 /* InfoPlist.strings */ = {
			isa = PBXVariantGroup;
			children = (
				C1DAB28A18CF14E200E53D49 /* en */,
			);
			name = InfoPlist.strings;
			sourceTree = "<group>";
		};
		C1DAB29218CF14E200E53D49 /* Main.storyboard */ = {
			isa = PBXVariantGroup;
			children = (
				C1DAB29318CF14E200E53D49 /* Base */,
			);
			name = Main.storyboard;
			sourceTree = "<group>";
		};
		C1DAB2AF18CF14E200E53D49 /* InfoPlist.strings */ = {
			isa = PBXVariantGroup;
			children = (
				C1DAB2B018CF14E200E53D49 /* en */,
			);
			name = InfoPlist.strings;
			sourceTree = "<group>";
		};
/* End PBXVariantGroup section */

/* Begin XCBuildConfiguration section */
		C1DAB2B418CF14E200E53D49 /* Debug */ = {
			isa = XCBuildConfiguration;
			buildSettings = {
				ALWAYS_SEARCH_USER_PATHS = NO;
				CLANG_CXX_LANGUAGE_STANDARD = "gnu++0x";
				CLANG_CXX_LIBRARY = "libc++";
				CLANG_ENABLE_MODULES = YES;
				CLANG_ENABLE_OBJC_ARC = YES;
				CLANG_WARN_BOOL_CONVERSION = YES;
				CLANG_WARN_CONSTANT_CONVERSION = YES;
				CLANG_WARN_DIRECT_OBJC_ISA_USAGE = YES_ERROR;
				CLANG_WARN_EMPTY_BODY = YES;
				CLANG_WARN_ENUM_CONVERSION = YES;
				CLANG_WARN_INT_CONVERSION = YES;
				CLANG_WARN_OBJC_ROOT_CLASS = YES_ERROR;
				CLANG_WARN__DUPLICATE_METHOD_MATCH = YES;
				"CODE_SIGN_IDENTITY[sdk=iphoneos*]" = "iPhone Developer";
				COPY_PHASE_STRIP = NO;
				GCC_C_LANGUAGE_STANDARD = gnu99;
				GCC_DYNAMIC_NO_PIC = NO;
				GCC_OPTIMIZATION_LEVEL = 0;
				GCC_PREPROCESSOR_DEFINITIONS = (
					"DEBUG=1",
					"$(inherited)",
				);
				GCC_SYMBOLS_PRIVATE_EXTERN = NO;
				GCC_WARN_64_TO_32_BIT_CONVERSION = YES;
				GCC_WARN_ABOUT_RETURN_TYPE = YES_ERROR;
				GCC_WARN_UNDECLARED_SELECTOR = YES;
				GCC_WARN_UNINITIALIZED_AUTOS = YES_AGGRESSIVE;
				GCC_WARN_UNUSED_FUNCTION = YES;
				GCC_WARN_UNUSED_VARIABLE = YES;
				IPHONEOS_DEPLOYMENT_TARGET = 7.1;
				ONLY_ACTIVE_ARCH = YES;
				SDKROOT = iphoneos;
			};
			name = Debug;
		};
		C1DAB2B518CF14E200E53D49 /* Release */ = {
			isa = XCBuildConfiguration;
			buildSettings = {
				ALWAYS_SEARCH_USER_PATHS = NO;
				CLANG_CXX_LANGUAGE_STANDARD = "gnu++0x";
				CLANG_CXX_LIBRARY = "libc++";
				CLANG_ENABLE_MODULES = YES;
				CLANG_ENABLE_OBJC_ARC = YES;
				CLANG_WARN_BOOL_CONVERSION = YES;
				CLANG_WARN_CONSTANT_CONVERSION = YES;
				CLANG_WARN_DIRECT_OBJC_ISA_USAGE = YES_ERROR;
				CLANG_WARN_EMPTY_BODY = YES;
				CLANG_WARN_ENUM_CONVERSION = YES;
				CLANG_WARN_INT_CONVERSION = YES;
				CLANG_WARN_OBJC_ROOT_CLASS = YES_ERROR;
				CLANG_WARN__DUPLICATE_METHOD_MATCH = YES;
				"CODE_SIGN_IDENTITY[sdk=iphoneos*]" = "iPhone Developer";
				COPY_PHASE_STRIP = YES;
				ENABLE_NS_ASSERTIONS = NO;
				GCC_C_LANGUAGE_STANDARD = gnu99;
				GCC_WARN_64_TO_32_BIT_CONVERSION = YES;
				GCC_WARN_ABOUT_RETURN_TYPE = YES_ERROR;
				GCC_WARN_UNDECLARED_SELECTOR = YES;
				GCC_WARN_UNINITIALIZED_AUTOS = YES_AGGRESSIVE;
				GCC_WARN_UNUSED_FUNCTION = YES;
				GCC_WARN_UNUSED_VARIABLE = YES;
				IPHONEOS_DEPLOYMENT_TARGET = 7.1;
				SDKROOT = iphoneos;
				VALIDATE_PRODUCT = YES;
			};
			name = Release;
		};
		C1DAB2B718CF14E200E53D49 /* Debug */ = {
			isa = XCBuildConfiguration;
			buildSettings = {
				ASSETCATALOG_COMPILER_APPICON_NAME = AppIcon;
				ASSETCATALOG_COMPILER_LAUNCHIMAGE_NAME = LaunchImage;
				GCC_PRECOMPILE_PREFIX_HEADER = YES;
				GCC_PREFIX_HEADER = "SwiftNote5/SwiftNote5-Prefix.pch";
				INFOPLIST_FILE = "SwiftNote5/SwiftNote5-Info.plist";
				PRODUCT_NAME = "$(TARGET_NAME)";
				WRAPPER_EXTENSION = app;
			};
			name = Debug;
		};
		C1DAB2B818CF14E200E53D49 /* Release */ = {
			isa = XCBuildConfiguration;
			buildSettings = {
				ASSETCATALOG_COMPILER_APPICON_NAME = AppIcon;
				ASSETCATALOG_COMPILER_LAUNCHIMAGE_NAME = LaunchImage;
				GCC_PRECOMPILE_PREFIX_HEADER = YES;
				GCC_PREFIX_HEADER = "SwiftNote5/SwiftNote5-Prefix.pch";
				INFOPLIST_FILE = "SwiftNote5/SwiftNote5-Info.plist";
				PRODUCT_NAME = "$(TARGET_NAME)";
				WRAPPER_EXTENSION = app;
			};
			name = Release;
		};
		C1DAB2BA18CF14E200E53D49 /* Debug */ = {
			isa = XCBuildConfiguration;
			buildSettings = {
				BUNDLE_LOADER = "$(BUILT_PRODUCTS_DIR)/SwiftNote5.app/SwiftNote5";
				FRAMEWORK_SEARCH_PATHS = (
					"$(SDKROOT)/Developer/Library/Frameworks",
					"$(inherited)",
					"$(DEVELOPER_FRAMEWORKS_DIR)",
				);
				GCC_PRECOMPILE_PREFIX_HEADER = YES;
				GCC_PREFIX_HEADER = "SwiftNote5/SwiftNote5-Prefix.pch";
				GCC_PREPROCESSOR_DEFINITIONS = (
					"DEBUG=1",
					"$(inherited)",
				);
				INFOPLIST_FILE = "SwiftNote5Tests/SwiftNote5Tests-Info.plist";
				PRODUCT_NAME = "$(TARGET_NAME)";
				TEST_HOST = "$(BUNDLE_LOADER)";
				WRAPPER_EXTENSION = xctest;
			};
			name = Debug;
		};
		C1DAB2BB18CF14E200E53D49 /* Release */ = {
			isa = XCBuildConfiguration;
			buildSettings = {
				BUNDLE_LOADER = "$(BUILT_PRODUCTS_DIR)/SwiftNote5.app/SwiftNote5";
				FRAMEWORK_SEARCH_PATHS = (
					"$(SDKROOT)/Developer/Library/Frameworks",
					"$(inherited)",
					"$(DEVELOPER_FRAMEWORKS_DIR)",
				);
				GCC_PRECOMPILE_PREFIX_HEADER = YES;
				GCC_PREFIX_HEADER = "SwiftNote5/SwiftNote5-Prefix.pch";
				INFOPLIST_FILE = "SwiftNote5Tests/SwiftNote5Tests-Info.plist";
				PRODUCT_NAME = "$(TARGET_NAME)";
				TEST_HOST = "$(BUNDLE_LOADER)";
				WRAPPER_EXTENSION = xctest;
			};
			name = Release;
		};
/* End XCBuildConfiguration section */

/* Begin XCConfigurationList section */
		C1DAB27618CF14E200E53D49 /* Build configuration list for PBXProject "SwiftNote5" */ = {
			isa = XCConfigurationList;
			buildConfigurations = (
				C1DAB2B418CF14E200E53D49 /* Debug */,
				C1DAB2B518CF14E200E53D49 /* Release */,
			);
			defaultConfigurationIsVisible = 0;
			defaultConfigurationName = Release;
		};
		C1DAB2B618CF14E200E53D49 /* Build configuration list for PBXNativeTarget "SwiftNote5" */ = {
			isa = XCConfigurationList;
			buildConfigurations = (
				C1DAB2B718CF14E200E53D49 /* Debug */,
				C1DAB2B818CF14E200E53D49 /* Release */,
			);
			defaultConfigurationIsVisible = 0;
			defaultConfigurationName = Release;
		};
		C1DAB2B918CF14E200E53D49 /* Build configuration list for PBXNativeTarget "SwiftNote5Tests" */ = {
			isa = XCConfigurationList;
			buildConfigurations = (
				C1DAB2BA18CF14E200E53D49 /* Debug */,
				C1DAB2BB18CF14E200E53D49 /* Release */,
			);
			defaultConfigurationIsVisible = 0;
			defaultConfigurationName = Release;
		};
/* End XCConfigurationList section */

/* Begin XCVersionGroup section */
		C1DAB29518CF14E200E53D49 /* SwiftNote5.xcdatamodeld */ = {
			isa = XCVersionGroup;
			children = (
				C1DAB29618CF14E200E53D49 /* SwiftNote5.xcdatamodel */,
			);
			currentVersion = C1DAB29618CF14E200E53D49 /* SwiftNote5.xcdatamodel */;
			path = SwiftNote5.xcdatamodeld;
			sourceTree = "<group>";
			versionGroupType = wrapper.xcdatamodel;
		};
/* End XCVersionGroup section */
	};
	rootObject = C1DAB27318CF14E200E53D49 /* Project object */;
}
